
Microsoft Visual Studio Solution File, Format Version 12.00
# Visual Studio 15
VisualStudioVersion = 15.0.26403.7
MinimumVisualStudioVersion = 10.0.40219.1
Project("{FAE04EC0-301F-11D3-BF4B-00C04F79EFBC}") = "Z119.Common", "Z119.Common\Z119.Common.csproj", "{A9252994-71F2-4E63-B56A-1DBDB7BD1E37}"
EndProject
Project("{FAE04EC0-301F-11D3-BF4B-00C04F79EFBC}") = "Z119.Shell", "Z119.Shell\Z119.Shell.csproj", "{53C44DDB-081A-4F65-8B11-E6CBE100330F}"
EndProject
Project("{FAE04EC0-301F-11D3-BF4B-00C04F79EFBC}") = "Z119.Model", "Z119.Model\Z119.Model.csproj", "{F2569CF8-9900-45F5-8523-E5B418F77DA3}"
EndProject
Project("{FAE04EC0-301F-11D3-BF4B-00C04F79EFBC}") = "Z119.Business", "Z119.Business\Z119.Business.csproj", "{76B98022-CBBE-4947-8653-C9FB8B285F12}"
EndProject
Global
	GlobalSection(SolutionConfigurationPlatforms) = preSolution
		Debug|Any CPU = Debug|Any CPU
		Release|Any CPU = Release|Any CPU
	EndGlobalSection
	GlobalSection(ProjectConfigurationPlatforms) = postSolution
		{A9252994-71F2-4E63-B56A-1DBDB7BD1E37}.Debug|Any CPU.ActiveCfg = Debug|Any CPU
		{A9252994-71F2-4E63-B56A-1DBDB7BD1E37}.Debug|Any CPU.Build.0 = Debug|Any CPU
		{A9252994-71F2-4E63-B56A-1DBDB7BD1E37}.Release|Any CPU.ActiveCfg = Release|Any CPU
		{A9252994-71F2-4E63-B56A-1DBDB7BD1E37}.Release|Any CPU.Build.0 = Release|Any CPU
		{53C44DDB-081A-4F65-8B11-E6CBE100330F}.Debug|Any CPU.ActiveCfg = Debug|Any CPU
		{53C44DDB-081A-4F65-8B11-E6CBE100330F}.Debug|Any CPU.Build.0 = Debug|Any CPU
		{53C44DDB-081A-4F65-8B11-E6CBE100330F}.Release|Any CPU.ActiveCfg = Release|Any CPU
		{53C44DDB-081A-4F65-8B11-E6CBE100330F}.Release|Any CPU.Build.0 = Release|Any CPU
		{F2569CF8-9900-45F5-8523-E5B418F77DA3}.Debug|Any CPU.ActiveCfg = Debug|Any CPU
		{F2569CF8-9900-45F5-8523-E5B418F77DA3}.Debug|Any CPU.Build.0 = Debug|Any CPU
		{F2569CF8-9900-45F5-8523-E5B418F77DA3}.Release|Any CPU.ActiveCfg = Release|Any CPU
		{F2569CF8-9900-45F5-8523-E5B418F77DA3}.Release|Any CPU.Build.0 = Release|Any CPU
		{76B98022-CBBE-4947-8653-C9FB8B285F12}.Debug|Any CPU.ActiveCfg = Debug|Any CPU
		{76B98022-CBBE-4947-8653-C9FB8B285F12}.Debug|Any CPU.Build.0 = Debug|Any CPU
		{76B98022-CBBE-4947-8653-C9FB8B285F12}.Release|Any CPU.ActiveCfg = Release|Any CPU
		{76B98022-CBBE-4947-8653-C9FB8B285F12}.Release|Any CPU.Build.0 = Release|Any CPU
	EndGlobalSection
	GlobalSection(SolutionProperties) = preSolution
		HideSolutionNode = FALSE
	EndGlobalSection
EndGlobal
